{
  "version": 4,
  "terraform_version": "1.4.6",
  "serial": 3,
  "lineage": "7eeec49b-5914-d839-b294-2dceebba2d0b",
  "outputs": {},
  "resources": [
    {
      "mode": "data",
      "type": "azurerm_resource_group",
      "name": "data_resourcegroup",
      "provider": "provider[\"registry.terraform.io/hashicorp/azurerm\"]",
      "instances": [
        {
          "schema_version": 0,
          "attributes": {
            "id": "/subscriptions/eccd9223-bed6-4917-80d9-df26ebcab422/resourceGroups/rg-seb",
            "location": "francecentral",
            "managed_by": "",
            "name": "rg-seb",
            "tags": {
              "Owner": "Sebastien ARTHAUD"
            },
            "timeouts": null
          },
          "sensitive_attributes": []
        }
      ]
    },
    {
      "module": "module.az_bastion",
      "mode": "data",
      "type": "azurerm_subnet",
      "name": "bastion_subnet",
      "provider": "provider[\"registry.terraform.io/hashicorp/azurerm\"]",
      "instances": [
        {
          "schema_version": 0,
          "attributes": {
            "address_prefix": "10.0.1.0/26",
            "address_prefixes": [
              "10.0.1.0/26"
            ],
            "enforce_private_link_endpoint_network_policies": true,
            "enforce_private_link_service_network_policies": false,
            "id": "/subscriptions/eccd9223-bed6-4917-80d9-df26ebcab422/resourceGroups/rg-seb/providers/Microsoft.Network/virtualNetworks/vnet-seb/subnets/AzureBastionSubnet",
            "name": "AzureBastionSubnet",
            "network_security_group_id": "",
            "private_endpoint_network_policies_enabled": false,
            "private_link_service_network_policies_enabled": true,
            "resource_group_name": "rg-seb",
            "route_table_id": "",
            "service_endpoints": [],
            "timeouts": null,
            "virtual_network_name": "vnet-seb"
          },
          "sensitive_attributes": []
        }
      ]
    },
    {
      "module": "module.az_bastion",
      "mode": "managed",
      "type": "azurerm_bastion_host",
      "name": "az_bastion",
      "provider": "provider[\"registry.terraform.io/hashicorp/azurerm\"]",
      "instances": [
        {
          "schema_version": 0,
          "attributes": {
            "copy_paste_enabled": true,
            "dns_name": "bst-2106dd3f-75b4-46a4-903e-da0d2487e052.bastion.azure.com",
            "file_copy_enabled": false,
            "id": "/subscriptions/eccd9223-bed6-4917-80d9-df26ebcab422/resourceGroups/rg-seb/providers/Microsoft.Network/bastionHosts/bastion-seb",
            "ip_configuration": [
              {
                "name": "bastion-seb_ipconfig1",
                "public_ip_address_id": "/subscriptions/eccd9223-bed6-4917-80d9-df26ebcab422/resourceGroups/rg-seb/providers/Microsoft.Network/publicIPAddresses/bastion-seb_bastion_public_ip",
                "subnet_id": "/subscriptions/eccd9223-bed6-4917-80d9-df26ebcab422/resourceGroups/rg-seb/providers/Microsoft.Network/virtualNetworks/vnet-seb/subnets/AzureBastionSubnet"
              }
            ],
            "ip_connect_enabled": false,
            "location": "francecentral",
            "name": "bastion-seb",
            "resource_group_name": "rg-seb",
            "scale_units": 2,
            "shareable_link_enabled": true,
            "sku": "Standard",
            "tags": {
              "Owner": "Sebastien ARTHAUD"
            },
            "timeouts": null,
            "tunneling_enabled": false
          },
          "sensitive_attributes": [],
          "private": "eyJlMmJmYjczMC1lY2FhLTExZTYtOGY4OC0zNDM2M2JjN2M0YzAiOnsiY3JlYXRlIjoxODAwMDAwMDAwMDAwLCJkZWxldGUiOjE4MDAwMDAwMDAwMDAsInJlYWQiOjMwMDAwMDAwMDAwMCwidXBkYXRlIjoxODAwMDAwMDAwMDAwfX0=",
          "dependencies": [
            "data.azurerm_resource_group.data_resourcegroup",
            "module.az_bastion.data.azurerm_subnet.bastion_subnet",
            "module.az_bastion.module.public_ip_address.azurerm_public_ip.public_ip"
          ]
        }
      ]
    },
    {
      "module": "module.az_bastion.module.public_ip_address",
      "mode": "managed",
      "type": "azurerm_public_ip",
      "name": "public_ip",
      "provider": "provider[\"registry.terraform.io/hashicorp/azurerm\"]",
      "instances": [
        {
          "schema_version": 0,
          "attributes": {
            "allocation_method": "Static",
            "ddos_protection_mode": "VirtualNetworkInherited",
            "ddos_protection_plan_id": null,
            "domain_name_label": null,
            "edge_zone": "",
            "fqdn": null,
            "id": "/subscriptions/eccd9223-bed6-4917-80d9-df26ebcab422/resourceGroups/rg-seb/providers/Microsoft.Network/publicIPAddresses/bastion-seb_bastion_public_ip",
            "idle_timeout_in_minutes": 4,
            "ip_address": "51.103.114.31",
            "ip_tags": null,
            "ip_version": "IPv4",
            "location": "francecentral",
            "name": "bastion-seb_bastion_public_ip",
            "public_ip_prefix_id": null,
            "resource_group_name": "rg-seb",
            "reverse_fqdn": null,
            "sku": "Standard",
            "sku_tier": "Regional",
            "tags": {
              "Owner": "Sebastien ARTHAUD"
            },
            "timeouts": null,
            "zones": null
          },
          "sensitive_attributes": [],
          "private": "eyJlMmJmYjczMC1lY2FhLTExZTYtOGY4OC0zNDM2M2JjN2M0YzAiOnsiY3JlYXRlIjoxODAwMDAwMDAwMDAwLCJkZWxldGUiOjE4MDAwMDAwMDAwMDAsInJlYWQiOjMwMDAwMDAwMDAwMCwidXBkYXRlIjoxODAwMDAwMDAwMDAwfX0=",
          "dependencies": [
            "data.azurerm_resource_group.data_resourcegroup"
          ]
        }
      ]
    }
  ],
  "check_results": null
}
